[[package]]
name = "asgiref"
version = "3.4.1"
description = "ASGI specs, helper code, and adapters"
category = "main"
optional = false
python-versions = ">=3.6"

[package.extras]
tests = ["pytest", "pytest-asyncio", "mypy (>=0.800)"]

[[package]]
name = "django"
version = "3.2.6"
description = "A high-level Python Web framework that encourages rapid development and clean, pragmatic design."
category = "main"
optional = false
python-versions = ">=3.6"

[package.dependencies]
asgiref = ">=3.3.2,<4"
pytz = "*"
sqlparse = ">=0.2.2"

[package.extras]
argon2 = ["argon2-cffi (>=19.1.0)"]
bcrypt = ["bcrypt"]

[[package]]
name = "psycopg2"
version = "2.9.1"
description = "psycopg2 - Python-PostgreSQL Database Adapter"
category = "main"
optional = false
python-versions = ">=3.6"

[[package]]
name = "pytz"
version = "2021.1"
description = "World timezone definitions, modern and historical"
category = "main"
optional = false
python-versions = "*"

[[package]]
name = "sqlparse"
version = "0.4.1"
description = "A non-validating SQL parser."
category = "main"
optional = false
python-versions = ">=3.5"

[metadata]
lock-version = "1.1"
python-versions = "^3.9"
content-hash = "1d38531e5a599bd01918c6bb67a21ec11c29fcef35b1d3c09239ae145fa9c70d"

[metadata.files]
asgiref = [
    {file = "asgiref-3.4.1-py3-none-any.whl", hash = "sha256:ffc141aa908e6f175673e7b1b3b7af4fdb0ecb738fc5c8b88f69f055c2415214"},
    {file = "asgiref-3.4.1.tar.gz", hash = "sha256:4ef1ab46b484e3c706329cedeff284a5d40824200638503f5768edb6de7d58e9"},
]
django = [
    {file = "Django-3.2.6-py3-none-any.whl", hash = "sha256:7f92413529aa0e291f3be78ab19be31aefb1e1c9a52cd59e130f505f27a51f13"},
    {file = "Django-3.2.6.tar.gz", hash = "sha256:f27f8544c9d4c383bbe007c57e3235918e258364577373d4920e9162837be022"},
]
psycopg2 = [
    {file = "psycopg2-2.9.1-cp36-cp36m-win32.whl", hash = "sha256:7f91312f065df517187134cce8e395ab37f5b601a42446bdc0f0d51773621854"},
    {file = "psycopg2-2.9.1-cp36-cp36m-win_amd64.whl", hash = "sha256:830c8e8dddab6b6716a4bf73a09910c7954a92f40cf1d1e702fb93c8a919cc56"},
    {file = "psycopg2-2.9.1-cp37-cp37m-win32.whl", hash = "sha256:89409d369f4882c47f7ea20c42c5046879ce22c1e4ea20ef3b00a4dfc0a7f188"},
    {file = "psycopg2-2.9.1-cp37-cp37m-win_amd64.whl", hash = "sha256:7640e1e4d72444ef012e275e7b53204d7fab341fb22bc76057ede22fe6860b25"},
    {file = "psycopg2-2.9.1-cp38-cp38-win32.whl", hash = "sha256:079d97fc22de90da1d370c90583659a9f9a6ee4007355f5825e5f1c70dffc1fa"},
    {file = "psycopg2-2.9.1-cp38-cp38-win_amd64.whl", hash = "sha256:2c992196719fadda59f72d44603ee1a2fdcc67de097eea38d41c7ad9ad246e62"},
    {file = "psycopg2-2.9.1-cp39-cp39-win32.whl", hash = "sha256:2087013c159a73e09713294a44d0c8008204d06326006b7f652bef5ace66eebb"},
    {file = "psycopg2-2.9.1-cp39-cp39-win_amd64.whl", hash = "sha256:bf35a25f1aaa8a3781195595577fcbb59934856ee46b4f252f56ad12b8043bcf"},
    {file = "psycopg2-2.9.1.tar.gz", hash = "sha256:de5303a6f1d0a7a34b9d40e4d3bef684ccc44a49bbe3eb85e3c0bffb4a131b7c"},
]
pytz = [
    {file = "pytz-2021.1-py2.py3-none-any.whl", hash = "sha256:eb10ce3e7736052ed3623d49975ce333bcd712c7bb19a58b9e2089d4057d0798"},
    {file = "pytz-2021.1.tar.gz", hash = "sha256:83a4a90894bf38e243cf052c8b58f381bfe9a7a483f6a9cab140bc7f702ac4da"},
]
sqlparse = [
    {file = "sqlparse-0.4.1-py3-none-any.whl", hash = "sha256:017cde379adbd6a1f15a61873f43e8274179378e95ef3fede90b5aa64d304ed0"},
    {file = "sqlparse-0.4.1.tar.gz", hash = "sha256:0f91fd2e829c44362cbcfab3e9ae12e22badaa8a29ad5ff599f9ec109f0454e8"},
]
